// !$*UTF8*$!
{
	archiveVersion = 1;
	classes = {
	};
	objectVersion = 50;
	objects = {

/* Begin PBXBuildFile section */
		52125D0A226D0049006902E3 /* CountriesService.swift in Sources */ = {isa = PBXBuildFile; fileRef = 52125D09226D0049006902E3 /* CountriesService.swift */; };
		52125D0C226D00AD006902E3 /* CitiesService.swift in Sources */ = {isa = PBXBuildFile; fileRef = 52125D0B226D00AD006902E3 /* CitiesService.swift */; };
		52125D0F226D0A04006902E3 /* MainViewModel.swift in Sources */ = {isa = PBXBuildFile; fileRef = 52125D0E226D0A04006902E3 /* MainViewModel.swift */; };
		52125D11226D1DD8006902E3 /* WorkingAreaService.swift in Sources */ = {isa = PBXBuildFile; fileRef = 52125D10226D1DD8006902E3 /* WorkingAreaService.swift */; };
		521407FD226A9CB90005D620 /* BaseService.swift in Sources */ = {isa = PBXBuildFile; fileRef = 521407FC226A9CB90005D620 /* BaseService.swift */; };
		521407FF226A9E400005D620 /* URLRequestConvertible.swift in Sources */ = {isa = PBXBuildFile; fileRef = 521407FE226A9E400005D620 /* URLRequestConvertible.swift */; };
		52140801226AA06E0005D620 /* LocationCitiesRouter.swift in Sources */ = {isa = PBXBuildFile; fileRef = 52140800226AA06E0005D620 /* LocationCitiesRouter.swift */; };
		52140803226BA0550005D620 /* Country.swift in Sources */ = {isa = PBXBuildFile; fileRef = 52140802226BA0550005D620 /* Country.swift */; };
		52140805226BA09F0005D620 /* City.swift in Sources */ = {isa = PBXBuildFile; fileRef = 52140804226BA09F0005D620 /* City.swift */; };
		52140808226BD2AF0005D620 /* LocationService.swift in Sources */ = {isa = PBXBuildFile; fileRef = 52140807226BD2AF0005D620 /* LocationService.swift */; };
		525987DD226C39870097569A /* PickerCityViewController.swift in Sources */ = {isa = PBXBuildFile; fileRef = 525987DB226C39870097569A /* PickerCityViewController.swift */; };
		525987DE226C39870097569A /* PickerCityViewController.xib in Resources */ = {isa = PBXBuildFile; fileRef = 525987DC226C39870097569A /* PickerCityViewController.xib */; };
		525987E4226C3E540097569A /* CardViewController.swift in Sources */ = {isa = PBXBuildFile; fileRef = 525987E2226C3E540097569A /* CardViewController.swift */; };
		525987E5226C3E540097569A /* CardViewController.xib in Resources */ = {isa = PBXBuildFile; fileRef = 525987E3226C3E540097569A /* CardViewController.xib */; };
		525987E7226C3EFE0097569A /* CardViewPresentable.swift in Sources */ = {isa = PBXBuildFile; fileRef = 525987E6226C3EFE0097569A /* CardViewPresentable.swift */; };
		527D98F1226A5A6F00DBBEF0 /* AppDelegate.swift in Sources */ = {isa = PBXBuildFile; fileRef = 527D98F0226A5A6F00DBBEF0 /* AppDelegate.swift */; };
		527D98F8226A5A7100DBBEF0 /* Assets.xcassets in Resources */ = {isa = PBXBuildFile; fileRef = 527D98F7226A5A7100DBBEF0 /* Assets.xcassets */; };
		527D98FB226A5A7100DBBEF0 /* LaunchScreen.storyboard in Resources */ = {isa = PBXBuildFile; fileRef = 527D98F9226A5A7100DBBEF0 /* LaunchScreen.storyboard */; };
		527D9906226A5A7100DBBEF0 /* Glovo_ChallengeTests.swift in Sources */ = {isa = PBXBuildFile; fileRef = 527D9905226A5A7100DBBEF0 /* Glovo_ChallengeTests.swift */; };
		527D9913226A679400DBBEF0 /* MainViewController.swift in Sources */ = {isa = PBXBuildFile; fileRef = 527D9911226A679400DBBEF0 /* MainViewController.swift */; };
		527D9914226A679400DBBEF0 /* MainViewController.xib in Resources */ = {isa = PBXBuildFile; fileRef = 527D9912226A679400DBBEF0 /* MainViewController.xib */; };
		527D9918226A69FD00DBBEF0 /* MainCoordinator.swift in Sources */ = {isa = PBXBuildFile; fileRef = 527D9917226A69FD00DBBEF0 /* MainCoordinator.swift */; };
		527D991A226A6B0100DBBEF0 /* Startable.swift in Sources */ = {isa = PBXBuildFile; fileRef = 527D9919226A6B0100DBBEF0 /* Startable.swift */; };
		527D991E226A947C00DBBEF0 /* ConfigurationUtils.swift in Sources */ = {isa = PBXBuildFile; fileRef = 527D991D226A947C00DBBEF0 /* ConfigurationUtils.swift */; };
/* End PBXBuildFile section */

/* Begin PBXContainerItemProxy section */
		527D9902226A5A7100DBBEF0 /* PBXContainerItemProxy */ = {
			isa = PBXContainerItemProxy;
			containerPortal = 527D98E5226A5A6F00DBBEF0 /* Project object */;
			proxyType = 1;
			remoteGlobalIDString = 527D98EC226A5A6F00DBBEF0;
			remoteInfo = "Glovo Challenge";
		};
/* End PBXContainerItemProxy section */

/* Begin PBXFileReference section */
		52125D09226D0049006902E3 /* CountriesService.swift */ = {isa = PBXFileReference; lastKnownFileType = sourcecode.swift; path = CountriesService.swift; sourceTree = "<group>"; };
		52125D0B226D00AD006902E3 /* CitiesService.swift */ = {isa = PBXFileReference; lastKnownFileType = sourcecode.swift; path = CitiesService.swift; sourceTree = "<group>"; };
		52125D0E226D0A04006902E3 /* MainViewModel.swift */ = {isa = PBXFileReference; lastKnownFileType = sourcecode.swift; path = MainViewModel.swift; sourceTree = "<group>"; };
		52125D10226D1DD8006902E3 /* WorkingAreaService.swift */ = {isa = PBXFileReference; lastKnownFileType = sourcecode.swift; path = WorkingAreaService.swift; sourceTree = "<group>"; };
		521407FC226A9CB90005D620 /* BaseService.swift */ = {isa = PBXFileReference; lastKnownFileType = sourcecode.swift; path = BaseService.swift; sourceTree = "<group>"; };
		521407FE226A9E400005D620 /* URLRequestConvertible.swift */ = {isa = PBXFileReference; lastKnownFileType = sourcecode.swift; path = URLRequestConvertible.swift; sourceTree = "<group>"; };
		52140800226AA06E0005D620 /* LocationCitiesRouter.swift */ = {isa = PBXFileReference; lastKnownFileType = sourcecode.swift; path = LocationCitiesRouter.swift; sourceTree = "<group>"; };
		52140802226BA0550005D620 /* Country.swift */ = {isa = PBXFileReference; lastKnownFileType = sourcecode.swift; path = Country.swift; sourceTree = "<group>"; };
		52140804226BA09F0005D620 /* City.swift */ = {isa = PBXFileReference; lastKnownFileType = sourcecode.swift; path = City.swift; sourceTree = "<group>"; };
		52140807226BD2AF0005D620 /* LocationService.swift */ = {isa = PBXFileReference; lastKnownFileType = sourcecode.swift; path = LocationService.swift; sourceTree = "<group>"; };
		525987DB226C39870097569A /* PickerCityViewController.swift */ = {isa = PBXFileReference; lastKnownFileType = sourcecode.swift; path = PickerCityViewController.swift; sourceTree = "<group>"; };
		525987DC226C39870097569A /* PickerCityViewController.xib */ = {isa = PBXFileReference; lastKnownFileType = file.xib; path = PickerCityViewController.xib; sourceTree = "<group>"; };
		525987E2226C3E540097569A /* CardViewController.swift */ = {isa = PBXFileReference; lastKnownFileType = sourcecode.swift; path = CardViewController.swift; sourceTree = "<group>"; };
		525987E3226C3E540097569A /* CardViewController.xib */ = {isa = PBXFileReference; lastKnownFileType = file.xib; path = CardViewController.xib; sourceTree = "<group>"; };
		525987E6226C3EFE0097569A /* CardViewPresentable.swift */ = {isa = PBXFileReference; lastKnownFileType = sourcecode.swift; path = CardViewPresentable.swift; sourceTree = "<group>"; };
		527D98ED226A5A6F00DBBEF0 /* Glovo Challenge.app */ = {isa = PBXFileReference; explicitFileType = wrapper.application; includeInIndex = 0; path = "Glovo Challenge.app"; sourceTree = BUILT_PRODUCTS_DIR; };
		527D98F0226A5A6F00DBBEF0 /* AppDelegate.swift */ = {isa = PBXFileReference; lastKnownFileType = sourcecode.swift; path = AppDelegate.swift; sourceTree = "<group>"; };
		527D98F7226A5A7100DBBEF0 /* Assets.xcassets */ = {isa = PBXFileReference; lastKnownFileType = folder.assetcatalog; path = Assets.xcassets; sourceTree = "<group>"; };
		527D98FA226A5A7100DBBEF0 /* Base */ = {isa = PBXFileReference; lastKnownFileType = file.storyboard; name = Base; path = Base.lproj/LaunchScreen.storyboard; sourceTree = "<group>"; };
		527D98FC226A5A7100DBBEF0 /* Info.plist */ = {isa = PBXFileReference; lastKnownFileType = text.plist.xml; path = Info.plist; sourceTree = "<group>"; };
		527D9901226A5A7100DBBEF0 /* Glovo ChallengeTests.xctest */ = {isa = PBXFileReference; explicitFileType = wrapper.cfbundle; includeInIndex = 0; path = "Glovo ChallengeTests.xctest"; sourceTree = BUILT_PRODUCTS_DIR; };
		527D9905226A5A7100DBBEF0 /* Glovo_ChallengeTests.swift */ = {isa = PBXFileReference; lastKnownFileType = sourcecode.swift; path = Glovo_ChallengeTests.swift; sourceTree = "<group>"; };
		527D9907226A5A7100DBBEF0 /* Info.plist */ = {isa = PBXFileReference; lastKnownFileType = text.plist.xml; path = Info.plist; sourceTree = "<group>"; };
		527D9911226A679400DBBEF0 /* MainViewController.swift */ = {isa = PBXFileReference; lastKnownFileType = sourcecode.swift; path = MainViewController.swift; sourceTree = "<group>"; };
		527D9912226A679400DBBEF0 /* MainViewController.xib */ = {isa = PBXFileReference; lastKnownFileType = file.xib; path = MainViewController.xib; sourceTree = "<group>"; };
		527D9917226A69FD00DBBEF0 /* MainCoordinator.swift */ = {isa = PBXFileReference; lastKnownFileType = sourcecode.swift; path = MainCoordinator.swift; sourceTree = "<group>"; };
		527D9919226A6B0100DBBEF0 /* Startable.swift */ = {isa = PBXFileReference; lastKnownFileType = sourcecode.swift; path = Startable.swift; sourceTree = "<group>"; };
		527D991D226A947C00DBBEF0 /* ConfigurationUtils.swift */ = {isa = PBXFileReference; lastKnownFileType = sourcecode.swift; path = ConfigurationUtils.swift; sourceTree = "<group>"; };
/* End PBXFileReference section */

/* Begin PBXFrameworksBuildPhase section */
		527D98EA226A5A6F00DBBEF0 /* Frameworks */ = {
			isa = PBXFrameworksBuildPhase;
			buildActionMask = 2147483647;
			files = (
			);
			runOnlyForDeploymentPostprocessing = 0;
		};
		527D98FE226A5A7100DBBEF0 /* Frameworks */ = {
			isa = PBXFrameworksBuildPhase;
			buildActionMask = 2147483647;
			files = (
			);
			runOnlyForDeploymentPostprocessing = 0;
		};
/* End PBXFrameworksBuildPhase section */

/* Begin PBXGroup section */
		52125D0D226D085E006902E3 /* viewmodels */ = {
			isa = PBXGroup;
			children = (
				52125D0E226D0A04006902E3 /* MainViewModel.swift */,
			);
			path = viewmodels;
			sourceTree = "<group>";
		};
		521407FB226A96450005D620 /* networking */ = {
			isa = PBXGroup;
			children = (
				521407FC226A9CB90005D620 /* BaseService.swift */,
				521407FE226A9E400005D620 /* URLRequestConvertible.swift */,
				52140800226AA06E0005D620 /* LocationCitiesRouter.swift */,
				52125D09226D0049006902E3 /* CountriesService.swift */,
				52125D0B226D00AD006902E3 /* CitiesService.swift */,
				52125D10226D1DD8006902E3 /* WorkingAreaService.swift */,
			);
			path = networking;
			sourceTree = "<group>";
		};
		52140806226BD29A0005D620 /* location */ = {
			isa = PBXGroup;
			children = (
				52140807226BD2AF0005D620 /* LocationService.swift */,
			);
			path = location;
			sourceTree = "<group>";
		};
		525987DF226C39A00097569A /* main */ = {
			isa = PBXGroup;
			children = (
				527D9911226A679400DBBEF0 /* MainViewController.swift */,
				527D9912226A679400DBBEF0 /* MainViewController.xib */,
			);
			path = main;
			sourceTree = "<group>";
		};
		525987E0226C39B30097569A /* picker */ = {
			isa = PBXGroup;
			children = (
				525987DB226C39870097569A /* PickerCityViewController.swift */,
				525987DC226C39870097569A /* PickerCityViewController.xib */,
			);
			path = picker;
			sourceTree = "<group>";
		};
		525987E1226C3E390097569A /* info */ = {
			isa = PBXGroup;
			children = (
				525987E2226C3E540097569A /* CardViewController.swift */,
				525987E3226C3E540097569A /* CardViewController.xib */,
			);
			path = info;
			sourceTree = "<group>";
		};
		527D98E4226A5A6F00DBBEF0 = {
			isa = PBXGroup;
			children = (
				527D98EF226A5A6F00DBBEF0 /* Glovo Challenge */,
				527D9904226A5A7100DBBEF0 /* Glovo ChallengeTests */,
				527D98EE226A5A6F00DBBEF0 /* Products */,
			);
			sourceTree = "<group>";
		};
		527D98EE226A5A6F00DBBEF0 /* Products */ = {
			isa = PBXGroup;
			children = (
				527D98ED226A5A6F00DBBEF0 /* Glovo Challenge.app */,
				527D9901226A5A7100DBBEF0 /* Glovo ChallengeTests.xctest */,
			);
			name = Products;
			sourceTree = "<group>";
		};
		527D98EF226A5A6F00DBBEF0 /* Glovo Challenge */ = {
			isa = PBXGroup;
			children = (
				527D991C226A8E2D00DBBEF0 /* utils */,
				527D991B226A8E2100DBBEF0 /* core */,
				527D9916226A689000DBBEF0 /* coordinators */,
				527D9915226A685B00DBBEF0 /* models */,
				527D9910226A678200DBBEF0 /* views */,
				52125D0D226D085E006902E3 /* viewmodels */,
				527D98F0226A5A6F00DBBEF0 /* AppDelegate.swift */,
				527D98F7226A5A7100DBBEF0 /* Assets.xcassets */,
				527D98F9226A5A7100DBBEF0 /* LaunchScreen.storyboard */,
				527D98FC226A5A7100DBBEF0 /* Info.plist */,
			);
			path = "Glovo Challenge";
			sourceTree = "<group>";
		};
		527D9904226A5A7100DBBEF0 /* Glovo ChallengeTests */ = {
			isa = PBXGroup;
			children = (
				527D9905226A5A7100DBBEF0 /* Glovo_ChallengeTests.swift */,
				527D9907226A5A7100DBBEF0 /* Info.plist */,
			);
			path = "Glovo ChallengeTests";
			sourceTree = "<group>";
		};
		527D9910226A678200DBBEF0 /* views */ = {
			isa = PBXGroup;
			children = (
				525987E1226C3E390097569A /* info */,
				525987DF226C39A00097569A /* main */,
				525987E0226C39B30097569A /* picker */,
			);
			path = views;
			sourceTree = "<group>";
		};
		527D9915226A685B00DBBEF0 /* models */ = {
			isa = PBXGroup;
			children = (
				52140802226BA0550005D620 /* Country.swift */,
				52140804226BA09F0005D620 /* City.swift */,
			);
			path = models;
			sourceTree = "<group>";
		};
		527D9916226A689000DBBEF0 /* coordinators */ = {
			isa = PBXGroup;
			children = (
				527D9917226A69FD00DBBEF0 /* MainCoordinator.swift */,
				527D9919226A6B0100DBBEF0 /* Startable.swift */,
			);
			path = coordinators;
			sourceTree = "<group>";
		};
		527D991B226A8E2100DBBEF0 /* core */ = {
			isa = PBXGroup;
			children = (
				52140806226BD29A0005D620 /* location */,
				521407FB226A96450005D620 /* networking */,
			);
			path = core;
			sourceTree = "<group>";
		};
		527D991C226A8E2D00DBBEF0 /* utils */ = {
			isa = PBXGroup;
			children = (
				527D991D226A947C00DBBEF0 /* ConfigurationUtils.swift */,
				525987E6226C3EFE0097569A /* CardViewPresentable.swift */,
			);
			path = utils;
			sourceTree = "<group>";
		};
/* End PBXGroup section */

/* Begin PBXNativeTarget section */
		527D98EC226A5A6F00DBBEF0 /* Glovo Challenge */ = {
			isa = PBXNativeTarget;
			buildConfigurationList = 527D990A226A5A7100DBBEF0 /* Build configuration list for PBXNativeTarget "Glovo Challenge" */;
			buildPhases = (
				527D98E9226A5A6F00DBBEF0 /* Sources */,
				527D98EA226A5A6F00DBBEF0 /* Frameworks */,
				527D98EB226A5A6F00DBBEF0 /* Resources */,
			);
			buildRules = (
			);
			dependencies = (
			);
			name = "Glovo Challenge";
			productName = "Glovo Challenge";
			productReference = 527D98ED226A5A6F00DBBEF0 /* Glovo Challenge.app */;
			productType = "com.apple.product-type.application";
		};
		527D9900226A5A7100DBBEF0 /* Glovo ChallengeTests */ = {
			isa = PBXNativeTarget;
			buildConfigurationList = 527D990D226A5A7100DBBEF0 /* Build configuration list for PBXNativeTarget "Glovo ChallengeTests" */;
			buildPhases = (
				527D98FD226A5A7100DBBEF0 /* Sources */,
				527D98FE226A5A7100DBBEF0 /* Frameworks */,
				527D98FF226A5A7100DBBEF0 /* Resources */,
			);
			buildRules = (
			);
			dependencies = (
				527D9903226A5A7100DBBEF0 /* PBXTargetDependency */,
			);
			name = "Glovo ChallengeTests";
			productName = "Glovo ChallengeTests";
			productReference = 527D9901226A5A7100DBBEF0 /* Glovo ChallengeTests.xctest */;
			productType = "com.apple.product-type.bundle.unit-test";
		};
/* End PBXNativeTarget section */

/* Begin PBXProject section */
		527D98E5226A5A6F00DBBEF0 /* Project object */ = {
			isa = PBXProject;
			attributes = {
				LastSwiftUpdateCheck = 1020;
				LastUpgradeCheck = 1020;
				ORGANIZATIONNAME = "Carlos Vázquez Gómez";
				TargetAttributes = {
					527D98EC226A5A6F00DBBEF0 = {
						CreatedOnToolsVersion = 10.2;
					};
					527D9900226A5A7100DBBEF0 = {
						CreatedOnToolsVersion = 10.2;
						TestTargetID = 527D98EC226A5A6F00DBBEF0;
					};
				};
			};
			buildConfigurationList = 527D98E8226A5A6F00DBBEF0 /* Build configuration list for PBXProject "Glovo Challenge" */;
			compatibilityVersion = "Xcode 9.3";
			developmentRegion = en;
			hasScannedForEncodings = 0;
			knownRegions = (
				en,
				Base,
			);
			mainGroup = 527D98E4226A5A6F00DBBEF0;
			productRefGroup = 527D98EE226A5A6F00DBBEF0 /* Products */;
			projectDirPath = "";
			projectRoot = "";
			targets = (
				527D98EC226A5A6F00DBBEF0 /* Glovo Challenge */,
				527D9900226A5A7100DBBEF0 /* Glovo ChallengeTests */,
			);
		};
/* End PBXProject section */

/* Begin PBXResourcesBuildPhase section */
		527D98EB226A5A6F00DBBEF0 /* Resources */ = {
			isa = PBXResourcesBuildPhase;
			buildActionMask = 2147483647;
			files = (
				527D98FB226A5A7100DBBEF0 /* LaunchScreen.storyboard in Resources */,
				527D9914226A679400DBBEF0 /* MainViewController.xib in Resources */,
				527D98F8226A5A7100DBBEF0 /* Assets.xcassets in Resources */,
				525987E5226C3E540097569A /* CardViewController.xib in Resources */,
				525987DE226C39870097569A /* PickerCityViewController.xib in Resources */,
			);
			runOnlyForDeploymentPostprocessing = 0;
		};
		527D98FF226A5A7100DBBEF0 /* Resources */ = {
			isa = PBXResourcesBuildPhase;
			buildActionMask = 2147483647;
			files = (
			);
			runOnlyForDeploymentPostprocessing = 0;
		};
/* End PBXResourcesBuildPhase section */

/* Begin PBXSourcesBuildPhase section */
		527D98E9226A5A6F00DBBEF0 /* Sources */ = {
			isa = PBXSourcesBuildPhase;
			buildActionMask = 2147483647;
			files = (
				52125D0C226D00AD006902E3 /* CitiesService.swift in Sources */,
				52140801226AA06E0005D620 /* LocationCitiesRouter.swift in Sources */,
				52140803226BA0550005D620 /* Country.swift in Sources */,
				521407FF226A9E400005D620 /* URLRequestConvertible.swift in Sources */,
				525987DD226C39870097569A /* PickerCityViewController.swift in Sources */,
				525987E7226C3EFE0097569A /* CardViewPresentable.swift in Sources */,
				527D991A226A6B0100DBBEF0 /* Startable.swift in Sources */,
				527D98F1226A5A6F00DBBEF0 /* AppDelegate.swift in Sources */,
				52125D0F226D0A04006902E3 /* MainViewModel.swift in Sources */,
				521407FD226A9CB90005D620 /* BaseService.swift in Sources */,
				52140808226BD2AF0005D620 /* LocationService.swift in Sources */,
				52140805226BA09F0005D620 /* City.swift in Sources */,
				527D991E226A947C00DBBEF0 /* ConfigurationUtils.swift in Sources */,
				525987E4226C3E540097569A /* CardViewController.swift in Sources */,
				52125D11226D1DD8006902E3 /* WorkingAreaService.swift in Sources */,
				527D9918226A69FD00DBBEF0 /* MainCoordinator.swift in Sources */,
				52125D0A226D0049006902E3 /* CountriesService.swift in Sources */,
				527D9913226A679400DBBEF0 /* MainViewController.swift in Sources */,
			);
			runOnlyForDeploymentPostprocessing = 0;
		};
		527D98FD226A5A7100DBBEF0 /* Sources */ = {
			isa = PBXSourcesBuildPhase;
			buildActionMask = 2147483647;
			files = (
				527D9906226A5A7100DBBEF0 /* Glovo_ChallengeTests.swift in Sources */,
			);
			runOnlyForDeploymentPostprocessing = 0;
		};
/* End PBXSourcesBuildPhase section */

/* Begin PBXTargetDependency section */
		527D9903226A5A7100DBBEF0 /* PBXTargetDependency */ = {
			isa = PBXTargetDependency;
			target = 527D98EC226A5A6F00DBBEF0 /* Glovo Challenge */;
			targetProxy = 527D9902226A5A7100DBBEF0 /* PBXContainerItemProxy */;
		};
/* End PBXTargetDependency section */

/* Begin PBXVariantGroup section */
		527D98F9226A5A7100DBBEF0 /* LaunchScreen.storyboard */ = {
			isa = PBXVariantGroup;
			children = (
				527D98FA226A5A7100DBBEF0 /* Base */,
			);
			name = LaunchScreen.storyboard;
			sourceTree = "<group>";
		};
/* End PBXVariantGroup section */

/* Begin XCBuildConfiguration section */
		527D9908226A5A7100DBBEF0 /* Debug */ = {
			isa = XCBuildConfiguration;
			buildSettings = {
				ALWAYS_SEARCH_USER_PATHS = NO;
				CLANG_ANALYZER_NONNULL = YES;
				CLANG_ANALYZER_NUMBER_OBJECT_CONVERSION = YES_AGGRESSIVE;
				CLANG_CXX_LANGUAGE_STANDARD = "gnu++14";
				CLANG_CXX_LIBRARY = "libc++";
				CLANG_ENABLE_MODULES = YES;
				CLANG_ENABLE_OBJC_ARC = YES;
				CLANG_ENABLE_OBJC_WEAK = YES;
				CLANG_WARN_BLOCK_CAPTURE_AUTORELEASING = YES;
				CLANG_WARN_BOOL_CONVERSION = YES;
				CLANG_WARN_COMMA = YES;
				CLANG_WARN_CONSTANT_CONVERSION = YES;
				CLANG_WARN_DEPRECATED_OBJC_IMPLEMENTATIONS = YES;
				CLANG_WARN_DIRECT_OBJC_ISA_USAGE = YES_ERROR;
				CLANG_WARN_DOCUMENTATION_COMMENTS = YES;
				CLANG_WARN_EMPTY_BODY = YES;
				CLANG_WARN_ENUM_CONVERSION = YES;
				CLANG_WARN_INFINITE_RECURSION = YES;
				CLANG_WARN_INT_CONVERSION = YES;
				CLANG_WARN_NON_LITERAL_NULL_CONVERSION = YES;
				CLANG_WARN_OBJC_IMPLICIT_RETAIN_SELF = YES;
				CLANG_WARN_OBJC_LITERAL_CONVERSION = YES;
				CLANG_WARN_OBJC_ROOT_CLASS = YES_ERROR;
				CLANG_WARN_RANGE_LOOP_ANALYSIS = YES;
				CLANG_WARN_STRICT_PROTOTYPES = YES;
				CLANG_WARN_SUSPICIOUS_MOVE = YES;
				CLANG_WARN_UNGUARDED_AVAILABILITY = YES_AGGRESSIVE;
				CLANG_WARN_UNREACHABLE_CODE = YES;
				CLANG_WARN__DUPLICATE_METHOD_MATCH = YES;
				CODE_SIGN_IDENTITY = "iPhone Developer";
				COPY_PHASE_STRIP = NO;
				DEBUG_INFORMATION_FORMAT = dwarf;
				ENABLE_STRICT_OBJC_MSGSEND = YES;
				ENABLE_TESTABILITY = YES;
				GCC_C_LANGUAGE_STANDARD = gnu11;
				GCC_DYNAMIC_NO_PIC = NO;
				GCC_NO_COMMON_BLOCKS = YES;
				GCC_OPTIMIZATION_LEVEL = 0;
				GCC_PREPROCESSOR_DEFINITIONS = (
					"DEBUG=1",
					"$(inherited)",
				);
				GCC_WARN_64_TO_32_BIT_CONVERSION = YES;
				GCC_WARN_ABOUT_RETURN_TYPE = YES_ERROR;
				GCC_WARN_UNDECLARED_SELECTOR = YES;
				GCC_WARN_UNINITIALIZED_AUTOS = YES_AGGRESSIVE;
				GCC_WARN_UNUSED_FUNCTION = YES;
				GCC_WARN_UNUSED_VARIABLE = YES;
				IPHONEOS_DEPLOYMENT_TARGET = 12.2;
				MTL_ENABLE_DEBUG_INFO = INCLUDE_SOURCE;
				MTL_FAST_MATH = YES;
				ONLY_ACTIVE_ARCH = YES;
				SDKROOT = iphoneos;
				SWIFT_ACTIVE_COMPILATION_CONDITIONS = DEBUG;
				SWIFT_OPTIMIZATION_LEVEL = "-Onone";
			};
			name = Debug;
		};
		527D9909226A5A7100DBBEF0 /* Release */ = {
			isa = XCBuildConfiguration;
			buildSettings = {
				ALWAYS_SEARCH_USER_PATHS = NO;
				CLANG_ANALYZER_NONNULL = YES;
				CLANG_ANALYZER_NUMBER_OBJECT_CONVERSION = YES_AGGRESSIVE;
				CLANG_CXX_LANGUAGE_STANDARD = "gnu++14";
				CLANG_CXX_LIBRARY = "libc++";
				CLANG_ENABLE_MODULES = YES;
				CLANG_ENABLE_OBJC_ARC = YES;
				CLANG_ENABLE_OBJC_WEAK = YES;
				CLANG_WARN_BLOCK_CAPTURE_AUTORELEASING = YES;
				CLANG_WARN_BOOL_CONVERSION = YES;
				CLANG_WARN_COMMA = YES;
				CLANG_WARN_CONSTANT_CONVERSION = YES;
				CLANG_WARN_DEPRECATED_OBJC_IMPLEMENTATIONS = YES;
				CLANG_WARN_DIRECT_OBJC_ISA_USAGE = YES_ERROR;
				CLANG_WARN_DOCUMENTATION_COMMENTS = YES;
				CLANG_WARN_EMPTY_BODY = YES;
				CLANG_WARN_ENUM_CONVERSION = YES;
				CLANG_WARN_INFINITE_RECURSION = YES;
				CLANG_WARN_INT_CONVERSION = YES;
				CLANG_WARN_NON_LITERAL_NULL_CONVERSION = YES;
				CLANG_WARN_OBJC_IMPLICIT_RETAIN_SELF = YES;
				CLANG_WARN_OBJC_LITERAL_CONVERSION = YES;
				CLANG_WARN_OBJC_ROOT_CLASS = YES_ERROR;
				CLANG_WARN_RANGE_LOOP_ANALYSIS = YES;
				CLANG_WARN_STRICT_PROTOTYPES = YES;
				CLANG_WARN_SUSPICIOUS_MOVE = YES;
				CLANG_WARN_UNGUARDED_AVAILABILITY = YES_AGGRESSIVE;
				CLANG_WARN_UNREACHABLE_CODE = YES;
				CLANG_WARN__DUPLICATE_METHOD_MATCH = YES;
				CODE_SIGN_IDENTITY = "iPhone Developer";
				COPY_PHASE_STRIP = NO;
				DEBUG_INFORMATION_FORMAT = "dwarf-with-dsym";
				ENABLE_NS_ASSERTIONS = NO;
				ENABLE_STRICT_OBJC_MSGSEND = YES;
				GCC_C_LANGUAGE_STANDARD = gnu11;
				GCC_NO_COMMON_BLOCKS = YES;
				GCC_WARN_64_TO_32_BIT_CONVERSION = YES;
				GCC_WARN_ABOUT_RETURN_TYPE = YES_ERROR;
				GCC_WARN_UNDECLARED_SELECTOR = YES;
				GCC_WARN_UNINITIALIZED_AUTOS = YES_AGGRESSIVE;
				GCC_WARN_UNUSED_FUNCTION = YES;
				GCC_WARN_UNUSED_VARIABLE = YES;
				IPHONEOS_DEPLOYMENT_TARGET = 12.2;
				MTL_ENABLE_DEBUG_INFO = NO;
				MTL_FAST_MATH = YES;
				SDKROOT = iphoneos;
				SWIFT_COMPILATION_MODE = wholemodule;
				SWIFT_OPTIMIZATION_LEVEL = "-O";
				VALIDATE_PRODUCT = YES;
			};
			name = Release;
		};
		527D990B226A5A7100DBBEF0 /* Debug */ = {
			isa = XCBuildConfiguration;
			buildSettings = {
				ASSETCATALOG_COMPILER_APPICON_NAME = AppIcon;
				CODE_SIGN_STYLE = Automatic;
				DEVELOPMENT_TEAM = 2692MDUFS2;
				INFOPLIST_FILE = "Glovo Challenge/Info.plist";
				IPHONEOS_DEPLOYMENT_TARGET = 11.0;
				LD_RUNPATH_SEARCH_PATHS = (
					"$(inherited)",
					"@executable_path/Frameworks",
				);
				PRODUCT_BUNDLE_IDENTIFIER = ns.fx.glovo.challenge;
				PRODUCT_NAME = "$(TARGET_NAME)";
				SWIFT_VERSION = 5.0;
				TARGETED_DEVICE_FAMILY = 1;
			};
			name = Debug;
		};
		527D990C226A5A7100DBBEF0 /* Release */ = {
			isa = XCBuildConfiguration;
			buildSettings = {
				ASSETCATALOG_COMPILER_APPICON_NAME = AppIcon;
				CODE_SIGN_STYLE = Automatic;
				DEVELOPMENT_TEAM = 2692MDUFS2;
				INFOPLIST_FILE = "Glovo Challenge/Info.plist";
				IPHONEOS_DEPLOYMENT_TARGET = 11.0;
				LD_RUNPATH_SEARCH_PATHS = (
					"$(inherited)",
					"@executable_path/Frameworks",
				);
				PRODUCT_BUNDLE_IDENTIFIER = ns.fx.glovo.challenge;
				PRODUCT_NAME = "$(TARGET_NAME)";
				SWIFT_VERSION = 5.0;
				TARGETED_DEVICE_FAMILY = 1;
			};
			name = Release;
		};
		527D990E226A5A7100DBBEF0 /* Debug */ = {
			isa = XCBuildConfiguration;
			buildSettings = {
				ALWAYS_EMBED_SWIFT_STANDARD_LIBRARIES = YES;
				BUNDLE_LOADER = "$(TEST_HOST)";
				CODE_SIGN_STYLE = Automatic;
				INFOPLIST_FILE = "Glovo ChallengeTests/Info.plist";
				LD_RUNPATH_SEARCH_PATHS = (
					"$(inherited)",
					"@executable_path/Frameworks",
					"@loader_path/Frameworks",
				);
				PRODUCT_BUNDLE_IDENTIFIER = "ns.fx.Glovo-ChallengeTests";
				PRODUCT_NAME = "$(TARGET_NAME)";
				SWIFT_VERSION = 5.0;
				TARGETED_DEVICE_FAMILY = "1,2";
				TEST_HOST = "$(BUILT_PRODUCTS_DIR)/Glovo Challenge.app/Glovo Challenge";
			};
			name = Debug;
		};
		527D990F226A5A7100DBBEF0 /* Release */ = {
			isa = XCBuildConfiguration;
			buildSettings = {
				ALWAYS_EMBED_SWIFT_STANDARD_LIBRARIES = YES;
				BUNDLE_LOADER = "$(TEST_HOST)";
				CODE_SIGN_STYLE = Automatic;
				INFOPLIST_FILE = "Glovo ChallengeTests/Info.plist";
				LD_RUNPATH_SEARCH_PATHS = (
					"$(inherited)",
					"@executable_path/Frameworks",
					"@loader_path/Frameworks",
				);
				PRODUCT_BUNDLE_IDENTIFIER = "ns.fx.Glovo-ChallengeTests";
				PRODUCT_NAME = "$(TARGET_NAME)";
				SWIFT_VERSION = 5.0;
				TARGETED_DEVICE_FAMILY = "1,2";
				TEST_HOST = "$(BUILT_PRODUCTS_DIR)/Glovo Challenge.app/Glovo Challenge";
			};
			name = Release;
		};
/* End XCBuildConfiguration section */

/* Begin XCConfigurationList section */
		527D98E8226A5A6F00DBBEF0 /* Build configuration list for PBXProject "Glovo Challenge" */ = {
			isa = XCConfigurationList;
			buildConfigurations = (
				527D9908226A5A7100DBBEF0 /* Debug */,
				527D9909226A5A7100DBBEF0 /* Release */,
			);
			defaultConfigurationIsVisible = 0;
			defaultConfigurationName = Release;
		};
		527D990A226A5A7100DBBEF0 /* Build configuration list for PBXNativeTarget "Glovo Challenge" */ = {
			isa = XCConfigurationList;
			buildConfigurations = (
				527D990B226A5A7100DBBEF0 /* Debug */,
				527D990C226A5A7100DBBEF0 /* Release */,
			);
			defaultConfigurationIsVisible = 0;
			defaultConfigurationName = Release;
		};
		527D990D226A5A7100DBBEF0 /* Build configuration list for PBXNativeTarget "Glovo ChallengeTests" */ = {
			isa = XCConfigurationList;
			buildConfigurations = (
				527D990E226A5A7100DBBEF0 /* Debug */,
				527D990F226A5A7100DBBEF0 /* Release */,
			);
			defaultConfigurationIsVisible = 0;
			defaultConfigurationName = Release;
		};
/* End XCConfigurationList section */
	};
	rootObject = 527D98E5226A5A6F00DBBEF0 /* Project object */;
}
